
Microsoft Visual Studio Solution File, Format Version 12.00
# Visual Studio 15
VisualStudioVersion = 15.0.27004.2005
MinimumVisualStudioVersion = 10.0.40219.1
Project("{8BC9CEB8-8B4A-11D0-8D11-00A0C91BC942}") = "Chess_Project", "Chess_Project\Chess_Project.vcxproj", "{4F25D93A-B496-43D2-9BBE-8B0B4E23AA58}"
EndProject
Global
	GlobalSection(SolutionConfigurationPlatforms) = preSolution
		Debug|x64 = Debug|x64
		Debug|x86 = Debug|x86
		Release|x64 = Release|x64
		Release|x86 = Release|x86
	EndGlobalSection
	GlobalSection(ProjectConfigurationPlatforms) = postSolution
		{4F25D93A-B496-43D2-9BBE-8B0B4E23AA58}.Debug|x64.ActiveCfg = Debug|x64
		{4F25D93A-B496-43D2-9BBE-8B0B4E23AA58}.Debug|x64.Build.0 = Debug|x64
		{4F25D93A-B496-43D2-9BBE-8B0B4E23AA58}.Debug|x86.ActiveCfg = Debug|Win32
		{4F25D93A-B496-43D2-9BBE-8B0B4E23AA58}.Debug|x86.Build.0 = Debug|Win32
		{4F25D93A-B496-43D2-9BBE-8B0B4E23AA58}.Release|x64.ActiveCfg = Release|x64
		{4F25D93A-B496-43D2-9BBE-8B0B4E23AA58}.Release|x64.Build.0 = Release|x64
		{4F25D93A-B496-43D2-9BBE-8B0B4E23AA58}.Release|x86.ActiveCfg = Release|Win32
		{4F25D93A-B496-43D2-9BBE-8B0B4E23AA58}.Release|x86.Build.0 = Release|Win32
	EndGlobalSection
	GlobalSection(SolutionProperties) = preSolution
		HideSolutionNode = FALSE
	EndGlobalSection
	GlobalSection(ExtensibilityGlobals) = postSolution
		SolutionGuid = {F25F37AF-EF21-44DA-A7E0-E327ABEBAD25}
	EndGlobalSection
EndGlobal
